<?xml version="1.0" encoding="utf-8"?>
<Project ToolsVersion="4.0" xmlns="http://schemas.microsoft.com/developer/msbuild/2003">
  <ItemGroup>
    <Filter Include="源文件">
      <UniqueIdentifier>{4FC737F1-C7A5-4376-A066-2A32D752A2FF}</UniqueIdentifier>
      <Extensions>cpp;c;cc;cxx;def;odl;idl;hpj;bat;asm;asmx</Extensions>
    </Filter>
    <Filter Include="头文件">
      <UniqueIdentifier>{93995380-89BD-4b04-88EB-625FBE52EBFB}</UniqueIdentifier>
      <Extensions>h;hh;hpp;hxx;hm;inl;inc;xsd</Extensions>
    </Filter>
    <Filter Include="资源文件">
      <UniqueIdentifier>{67DA6AB6-F800-4c08-8B7A-83BB121AAD01}</UniqueIdentifier>
      <Extensions>rc;ico;cur;bmp;dlg;rc2;rct;bin;rgs;gif;jpg;jpeg;jpe;resx;tiff;tif;png;wav;mfcribbon-ms</Extensions>
    </Filter>
    <Filter Include="common">
      <UniqueIdentifier>{4d718640-591c-4bba-bd00-9d59b77fdee0}</UniqueIdentifier>
    </Filter>
    <Filter Include="common\tinyxml">
      <UniqueIdentifier>{337a9a92-c1a1-4671-adef-4f497c79e609}</UniqueIdentifier>
    </Filter>
    <Filter Include="common\wlog">
      <UniqueIdentifier>{6b47935b-6c0f-4950-81f4-c8ddb859f9a9}</UniqueIdentifier>
    </Filter>
    <Filter Include="common\StrUtilty">
      <UniqueIdentifier>{c8ccb10e-1383-46c2-bfdf-9b5a3738df0c}</UniqueIdentifier>
    </Filter>
    <Filter Include="common\locker">
      <UniqueIdentifier>{42f60318-a15d-487a-a64d-135f5d1bc855}</UniqueIdentifier>
    </Filter>
    <Filter Include="common\socketapi">
      <UniqueIdentifier>{5635783c-5aa9-413a-9c2f-d3ffb9ea9060}</UniqueIdentifier>
    </Filter>
  </ItemGroup>
  <ItemGroup>
    <ClCompile Include="src\main.cpp">
      <Filter>源文件</Filter>
    </ClCompile>
    <ClCompile Include="..\common\Locker\RWLock.cpp">
      <Filter>common\locker</Filter>
    </ClCompile>
    <ClCompile Include="..\common\StrUtilty\StringUtilty.cpp">
      <Filter>common\StrUtilty</Filter>
    </ClCompile>
    <ClCompile Include="..\common\StrUtilty\StrUtilty.cpp">
      <Filter>common\StrUtilty</Filter>
    </ClCompile>
    <ClCompile Include="..\common\tinyxml\myXmlParse.cpp">
      <Filter>common\tinyxml</Filter>
    </ClCompile>
    <ClCompile Include="..\common\tinyxml\SimpleXmlMaker.cpp">
      <Filter>common\tinyxml</Filter>
    </ClCompile>
    <ClCompile Include="..\common\tinyxml\tinystr.cpp">
      <Filter>common\tinyxml</Filter>
    </ClCompile>
    <ClCompile Include="..\common\tinyxml\tinyxml.cpp">
      <Filter>common\tinyxml</Filter>
    </ClCompile>
    <ClCompile Include="..\common\tinyxml\tinyxmlerror.cpp">
      <Filter>common\tinyxml</Filter>
    </ClCompile>
    <ClCompile Include="..\common\tinyxml\tinyxmlparser.cpp">
      <Filter>common\tinyxml</Filter>
    </ClCompile>
    <ClCompile Include="..\common\wLog\CSimpleLog.cpp">
      <Filter>common\wlog</Filter>
    </ClCompile>
    <ClCompile Include="..\common\wLog\wLog.cpp">
      <Filter>common\wlog</Filter>
    </ClCompile>
    <ClCompile Include="..\common\SocketAPI\SocketAPI.cpp">
      <Filter>common\socketapi</Filter>
    </ClCompile>
    <ClCompile Include="src\dev_manager.cpp">
      <Filter>源文件</Filter>
    </ClCompile>
    <ClCompile Include="src\config_helper.cpp">
      <Filter>源文件</Filter>
    </ClCompile>
    <ClCompile Include="src\dbhelper.cpp">
      <Filter>源文件</Filter>
    </ClCompile>
    <ClCompile Include="src\dev_factory.cpp">
      <Filter>源文件</Filter>
    </ClCompile>
    <ClCompile Include="src\mc_acsii.cpp">
      <Filter>源文件</Filter>
    </ClCompile>
    <ClCompile Include="src\microplan.cpp">
      <Filter>源文件</Filter>
    </ClCompile>
    <ClCompile Include="src\plc_base.cpp">
      <Filter>源文件</Filter>
    </ClCompile>
    <ClCompile Include="src\sql_base.cpp">
      <Filter>源文件</Filter>
    </ClCompile>
    <ClCompile Include="src\xinjie_xc3_32t.cpp">
      <Filter>源文件</Filter>
    </ClCompile>
    <ClCompile Include="src\mitsubishi_q02uccpu.cpp">
      <Filter>源文件</Filter>
    </ClCompile>
    <ClCompile Include="src\modbus.cpp">
      <Filter>源文件</Filter>
    </ClCompile>
    <ClCompile Include="src\mes_svr.cpp">
      <Filter>源文件</Filter>
    </ClCompile>
    <ClCompile Include="src\mitsubishi_fx3u_32m.cpp">
      <Filter>源文件</Filter>
    </ClCompile>
  </ItemGroup>
  <ItemGroup>
    <ClInclude Include="include\common.h">
      <Filter>头文件</Filter>
    </ClInclude>
    <ClInclude Include="..\common\Locker\internallock.h">
      <Filter>common\locker</Filter>
    </ClInclude>
    <ClInclude Include="..\common\Locker\OSSem.h">
      <Filter>common\locker</Filter>
    </ClInclude>
    <ClInclude Include="..\common\Locker\RWLock.h">
      <Filter>common\locker</Filter>
    </ClInclude>
    <ClInclude Include="..\common\StrUtilty\StringUtilty.h">
      <Filter>common\StrUtilty</Filter>
    </ClInclude>
    <ClInclude Include="..\common\StrUtilty\StrUtilty.h">
      <Filter>common\StrUtilty</Filter>
    </ClInclude>
    <ClInclude Include="..\common\tinyxml\myXmlParse.h">
      <Filter>common\tinyxml</Filter>
    </ClInclude>
    <ClInclude Include="..\common\tinyxml\SimpleXmlMaker.h">
      <Filter>common\tinyxml</Filter>
    </ClInclude>
    <ClInclude Include="..\common\tinyxml\tinystr.h">
      <Filter>common\tinyxml</Filter>
    </ClInclude>
    <ClInclude Include="..\common\tinyxml\tinyxml.h">
      <Filter>common\tinyxml</Filter>
    </ClInclude>
    <ClInclude Include="..\common\wLog\CSimpleLog.h">
      <Filter>common\wlog</Filter>
    </ClInclude>
    <ClInclude Include="..\common\wLog\wLog.h">
      <Filter>common\wlog</Filter>
    </ClInclude>
    <ClInclude Include="..\common\SocketAPI\SocketAPI.h">
      <Filter>common\socketapi</Filter>
    </ClInclude>
    <ClInclude Include="include\dev_manager.h">
      <Filter>头文件</Filter>
    </ClInclude>
    <ClInclude Include="include\config_helper.h">
      <Filter>头文件</Filter>
    </ClInclude>
    <ClInclude Include="include\dbhelper.h">
      <Filter>头文件</Filter>
    </ClInclude>
    <ClInclude Include="include\dev_factory.h">
      <Filter>头文件</Filter>
    </ClInclude>
    <ClInclude Include="include\error_code.h">
      <Filter>头文件</Filter>
    </ClInclude>
    <ClInclude Include="include\mc_acsii.h">
      <Filter>头文件</Filter>
    </ClInclude>
    <ClInclude Include="include\microplan.h">
      <Filter>头文件</Filter>
    </ClInclude>
    <ClInclude Include="include\plc_base.h">
      <Filter>头文件</Filter>
    </ClInclude>
    <ClInclude Include="include\sql_base.h">
      <Filter>头文件</Filter>
    </ClInclude>
    <ClInclude Include="include\dev_access_type.h">
      <Filter>头文件</Filter>
    </ClInclude>
    <ClInclude Include="include\xinjie_xc3_32t.h">
      <Filter>头文件</Filter>
    </ClInclude>
    <ClInclude Include="include\mitsubishi_q02uccpu.h">
      <Filter>头文件</Filter>
    </ClInclude>
    <ClInclude Include="resource.h">
      <Filter>头文件</Filter>
    </ClInclude>
    <ClInclude Include="include\modbus_exception.h">
      <Filter>头文件</Filter>
    </ClInclude>
    <ClInclude Include="include\modbus.h">
      <Filter>头文件</Filter>
    </ClInclude>
    <ClInclude Include="include\mes_svr.h">
      <Filter>头文件</Filter>
    </ClInclude>
    <ClInclude Include="include\mitsubishi_fx3u_32m.h">
      <Filter>头文件</Filter>
    </ClInclude>
  </ItemGroup>
</Project>